// !$*UTF8*$!
{
	archiveVersion = 1;
	classes = {
	};
	objectVersion = 46;
	objects = {

/* Begin PBXBuildFile section */
		111111111111111111111101 /* main.m in Sources */ = {isa = PBXBuildFile; fileRef = 111111111111111111111201 /* main.m */; };
		111111111111111111111102 /* AppDelegate.m in Sources */ = {isa = PBXBuildFile; fileRef = 111111111111111111111203 /* AppDelegate.m */; };
		111111111111111111111103 /* TGTDLibClient.m in Sources */ = {isa = PBXBuildFile; fileRef = 111111111111111111111205 /* TGTDLibClient.m */; };
		111111111111111111111104 /* TGKeychainHelper.m in Sources */ = {isa = PBXBuildFile; fileRef = 111111111111111111111207 /* TGKeychainHelper.m */; };
		111111111111111111111105 /* TGLogger.m in Sources */ = {isa = PBXBuildFile; fileRef = 111111111111111111111209 /* TGLogger.m */; };
		111111111111111111111106 /* TGStatusWindowController.m in Sources */ = {isa = PBXBuildFile; fileRef = 111111111111111111111211 /* TGStatusWindowController.m */; };
		111111111111111111111111 /* TGChatItem.m in Sources */ = {isa = PBXBuildFile; fileRef = 111111111111111111111213 /* TGChatItem.m */; };
		111111111111111111111112 /* TGMessageItem.m in Sources */ = {isa = PBXBuildFile; fileRef = 111111111111111111111215 /* TGMessageItem.m */; };
		111111111111111111111107 /* Localizable.strings in Resources */ = {isa = PBXBuildFile; fileRef = 111111111111111111111220 /* Localizable.strings */; };
		111111111111111111111108 /* Cocoa.framework in Frameworks */ = {isa = PBXBuildFile; fileRef = 111111111111111111111230 /* Cocoa.framework */; };
		111111111111111111111109 /* Security.framework in Frameworks */ = {isa = PBXBuildFile; fileRef = 111111111111111111111231 /* Security.framework */; };
		111111111111111111111110 /* TelegraphicaAppIcon.icns in Resources */ = {isa = PBXBuildFile; fileRef = 111111111111111111111223 /* TelegraphicaAppIcon.icns */; };
		111111111111111111111113 /* AVFoundation.framework in Frameworks */ = {isa = PBXBuildFile; fileRef = 111111111111111111111232 /* AVFoundation.framework */; };
		111111111111111111111114 /* TelegraphicaNotificationIcon.png in Resources */ = {isa = PBXBuildFile; fileRef = 111111111111111111111224 /* TelegraphicaNotificationIcon.png */; };
		111111111111111111111115 /* TGActiveSessionsPresentation.m in Sources */ = {isa = PBXBuildFile; fileRef = 111111111111111111111217 /* TGActiveSessionsPresentation.m */; };
		111111111111111111111116 /* TGLocalization.m in Sources */ = {isa = PBXBuildFile; fileRef = 111111111111111111111219 /* TGLocalization.m */; };
		111111111111111111111117 /* TGWebPDecoder.m in Sources */ = {isa = PBXBuildFile; fileRef = 111111111111111111111226 /* TGWebPDecoder.m */; };
		111111111111111111111118 /* TGMediaImageLoader.m in Sources */ = {isa = PBXBuildFile; fileRef = 111111111111111111111228 /* TGMediaImageLoader.m */; };
		111111111111111111111119 /* ThirdPartyNotices.txt in Resources */ = {isa = PBXBuildFile; fileRef = 111111111111111111111229 /* ThirdPartyNotices.txt */; };
		111111111111111111111120 /* TGInlineMediaPlaybackCoordinator.m in Sources */ = {isa = PBXBuildFile; fileRef = 111111111111111111111234 /* TGInlineMediaPlaybackCoordinator.m */; };
		111111111111111111111121 /* TGTheme.m in Sources */ = {isa = PBXBuildFile; fileRef = 111111111111111111111236 /* TGTheme.m */; };
		111111111111111111111122 /* TGTGSAnimationView.m in Sources */ = {isa = PBXBuildFile; fileRef = 111111111111111111111238 /* TGTGSAnimationView.m */; };
		111111111111111111111123 /* TGMediaItemSupport.m in Sources */ = {isa = PBXBuildFile; fileRef = 111111111111111111111242 /* TGMediaItemSupport.m */; };
		111111111111111111111124 /* TGTGSFileValidator.m in Sources */ = {isa = PBXBuildFile; fileRef = 111111111111111111111244 /* TGTGSFileValidator.m */; };
		111111111111111111111125 /* TGMessageActionDialogs.m in Sources */ = {isa = PBXBuildFile; fileRef = 111111111111111111111246 /* TGMessageActionDialogs.m */; };
		111111111111111111111126 /* TGMessageLayoutSupport.m in Sources */ = {isa = PBXBuildFile; fileRef = 111111111111111111111248 /* TGMessageLayoutSupport.m */; };
		111111111111111111111127 /* TGStatusViewComponents.m in Sources */ = {isa = PBXBuildFile; fileRef = 111111111111111111111250 /* TGStatusViewComponents.m */; };
		111111111111111111111128 /* TGStatusButtonCells.m in Sources */ = {isa = PBXBuildFile; fileRef = 111111111111111111111252 /* TGStatusButtonCells.m */; };
		111111111111111111111129 /* TGStatusViewCells.m in Sources */ = {isa = PBXBuildFile; fileRef = 111111111111111111111254 /* TGStatusViewCells.m */; };
		111111111111111111111130 /* TGStatusSupport.m in Sources */ = {isa = PBXBuildFile; fileRef = 111111111111111111111256 /* TGStatusSupport.m */; };
		111111111111111111111131 /* TGStickerPickerLayout.m in Sources */ = {isa = PBXBuildFile; fileRef = 111111111111111111111258 /* TGStickerPickerLayout.m */; };
		111111111111111111111132 /* TGTypingIndicatorPresentation.m in Sources */ = {isa = PBXBuildFile; fileRef = 111111111111111111111260 /* TGTypingIndicatorPresentation.m */; };
		111111111111111111111133 /* TGStatusWindowStyling.m in Sources */ = {isa = PBXBuildFile; fileRef = 111111111111111111111262 /* TGStatusWindowStyling.m */; };
		111111111111111111111134 /* TGProfilePresentation.m in Sources */ = {isa = PBXBuildFile; fileRef = 111111111111111111111264 /* TGProfilePresentation.m */; };
		111111111111111111111135 /* TGUpdateSupport.m in Sources */ = {isa = PBXBuildFile; fileRef = 111111111111111111111266 /* TGUpdateSupport.m */; };
		111111111111111111111136 /* TGWebMAnimationView.mm in Sources */ = {isa = PBXBuildFile; fileRef = 111111111111111111111268 /* TGWebMAnimationView.mm */; };
		111111111111111111111137 /* TGStorageUsageWindowController.m in Sources */ = {isa = PBXBuildFile; fileRef = 111111111111111111111270 /* TGStorageUsageWindowController.m */; };
		111111111111111111111138 /* TGIconDrawing.m in Sources */ = {isa = PBXBuildFile; fileRef = 111111111111111111111272 /* TGIconDrawing.m */; };
		111111111111111111111139 /* TGAnimationSupport.m in Sources */ = {isa = PBXBuildFile; fileRef = 111111111111111111111274 /* TGAnimationSupport.m */; };
		111111111111111111111140 /* TGIconAssets.m in Sources */ = {isa = PBXBuildFile; fileRef = 111111111111111111111276 /* TGIconAssets.m */; };
		111111111111111111111141 /* Icons in Resources */ = {isa = PBXBuildFile; fileRef = 111111111111111111111277 /* Icons */; };
		111111111111111111111142 /* TGSectionTitleField.m in Sources */ = {isa = PBXBuildFile; fileRef = 111111111111111111111279 /* TGSectionTitleField.m */; };
		111111111111111111111143 /* TGResourcePolicy.m in Sources */ = {isa = PBXBuildFile; fileRef = 111111111111111111111281 /* TGResourcePolicy.m */; };
		111111111111111111111144 /* TGAttachmentDescriptor.m in Sources */ = {isa = PBXBuildFile; fileRef = 111111111111111111111283 /* TGAttachmentDescriptor.m */; };
		111111111111111111111145 /* TGFileTransferState.m in Sources */ = {isa = PBXBuildFile; fileRef = 111111111111111111111285 /* TGFileTransferState.m */; };
		111111111111111111111146 /* TGSearchResultItem.m in Sources */ = {isa = PBXBuildFile; fileRef = 111111111111111111111287 /* TGSearchResultItem.m */; };
		111111111111111111111147 /* TGOpusVoiceTranscoder.m in Sources */ = {isa = PBXBuildFile; fileRef = 111111111111111111111289 /* TGOpusVoiceTranscoder.m */; };
		111111111111111111111148 /* TGTDLibBundledCredentialsGenerated.m in Sources */ = {isa = PBXBuildFile; fileRef = 111111111111111111111291 /* TGTDLibBundledCredentialsGenerated.m */; };
		111111111111111111111149 /* TGMessageViewersWindowController.m in Sources */ = {isa = PBXBuildFile; fileRef = 111111111111111111111293 /* TGMessageViewersWindowController.m */; };
		111111111111111111111150 /* TGOutgoingMessageTextChunker.m in Sources */ = {isa = PBXBuildFile; fileRef = 111111111111111111111295 /* TGOutgoingMessageTextChunker.m */; };
		111111111111111111111151 /* TGTransparentSpinnerView.m in Sources */ = {isa = PBXBuildFile; fileRef = 111111111111111111111297 /* TGTransparentSpinnerView.m */; };
/* End PBXBuildFile section */

/* Begin PBXFileReference section */
		111111111111111111111200 /* Info.plist */ = {isa = PBXFileReference; lastKnownFileType = text.plist.xml; path = Info.plist; sourceTree = "<group>"; };
		111111111111111111111201 /* main.m */ = {isa = PBXFileReference; lastKnownFileType = sourcecode.c.objc; path = main.m; sourceTree = "<group>"; };
		111111111111111111111202 /* AppDelegate.h */ = {isa = PBXFileReference; lastKnownFileType = sourcecode.c.h; path = AppDelegate.h; sourceTree = "<group>"; };
		111111111111111111111203 /* AppDelegate.m */ = {isa = PBXFileReference; lastKnownFileType = sourcecode.c.objc; path = AppDelegate.m; sourceTree = "<group>"; };
		111111111111111111111204 /* TGTDLibClient.h */ = {isa = PBXFileReference; lastKnownFileType = sourcecode.c.h; path = TGTDLibClient.h; sourceTree = "<group>"; };
		111111111111111111111205 /* TGTDLibClient.m */ = {isa = PBXFileReference; lastKnownFileType = sourcecode.c.objc; path = TGTDLibClient.m; sourceTree = "<group>"; };
		111111111111111111111206 /* TGKeychainHelper.h */ = {isa = PBXFileReference; lastKnownFileType = sourcecode.c.h; path = TGKeychainHelper.h; sourceTree = "<group>"; };
		111111111111111111111207 /* TGKeychainHelper.m */ = {isa = PBXFileReference; lastKnownFileType = sourcecode.c.objc; path = TGKeychainHelper.m; sourceTree = "<group>"; };
		111111111111111111111208 /* TGLogger.h */ = {isa = PBXFileReference; lastKnownFileType = sourcecode.c.h; path = TGLogger.h; sourceTree = "<group>"; };
		111111111111111111111209 /* TGLogger.m */ = {isa = PBXFileReference; lastKnownFileType = sourcecode.c.objc; path = TGLogger.m; sourceTree = "<group>"; };
		111111111111111111111210 /* TGStatusWindowController.h */ = {isa = PBXFileReference; lastKnownFileType = sourcecode.c.h; path = TGStatusWindowController.h; sourceTree = "<group>"; };
		111111111111111111111211 /* TGStatusWindowController.m */ = {isa = PBXFileReference; lastKnownFileType = sourcecode.c.objc; path = TGStatusWindowController.m; sourceTree = "<group>"; };
		111111111111111111111212 /* TGChatItem.h */ = {isa = PBXFileReference; lastKnownFileType = sourcecode.c.h; path = TGChatItem.h; sourceTree = "<group>"; };
		111111111111111111111213 /* TGChatItem.m */ = {isa = PBXFileReference; lastKnownFileType = sourcecode.c.objc; path = TGChatItem.m; sourceTree = "<group>"; };
		111111111111111111111214 /* TGMessageItem.h */ = {isa = PBXFileReference; lastKnownFileType = sourcecode.c.h; path = TGMessageItem.h; sourceTree = "<group>"; };
		111111111111111111111215 /* TGMessageItem.m */ = {isa = PBXFileReference; lastKnownFileType = sourcecode.c.objc; path = TGMessageItem.m; sourceTree = "<group>"; };
		111111111111111111111216 /* TGActiveSessionsPresentation.h */ = {isa = PBXFileReference; lastKnownFileType = sourcecode.c.h; path = TGActiveSessionsPresentation.h; sourceTree = "<group>"; };
		111111111111111111111217 /* TGActiveSessionsPresentation.m */ = {isa = PBXFileReference; lastKnownFileType = sourcecode.c.objc; path = TGActiveSessionsPresentation.m; sourceTree = "<group>"; };
		111111111111111111111218 /* TGLocalization.h */ = {isa = PBXFileReference; lastKnownFileType = sourcecode.c.h; path = TGLocalization.h; sourceTree = "<group>"; };
		111111111111111111111219 /* TGLocalization.m */ = {isa = PBXFileReference; lastKnownFileType = sourcecode.c.objc; path = TGLocalization.m; sourceTree = "<group>"; };
		111111111111111111111221 /* en */ = {isa = PBXFileReference; lastKnownFileType = text.plist.strings; name = en; path = en.lproj/Localizable.strings; sourceTree = "<group>"; };
		111111111111111111111222 /* ru */ = {isa = PBXFileReference; lastKnownFileType = text.plist.strings; name = ru; path = ru.lproj/Localizable.strings; sourceTree = "<group>"; };
		111111111111111111111223 /* TelegraphicaAppIcon.icns */ = {isa = PBXFileReference; lastKnownFileType = image.icns; path = TelegraphicaAppIcon.icns; sourceTree = "<group>"; };
		111111111111111111111224 /* TelegraphicaNotificationIcon.png */ = {isa = PBXFileReference; lastKnownFileType = image.png; path = TelegraphicaNotificationIcon.png; sourceTree = "<group>"; };
		111111111111111111111225 /* TGWebPDecoder.h */ = {isa = PBXFileReference; lastKnownFileType = sourcecode.c.h; path = TGWebPDecoder.h; sourceTree = "<group>"; };
		111111111111111111111226 /* TGWebPDecoder.m */ = {isa = PBXFileReference; lastKnownFileType = sourcecode.c.objc; path = TGWebPDecoder.m; sourceTree = "<group>"; };
		111111111111111111111227 /* TGMediaImageLoader.h */ = {isa = PBXFileReference; lastKnownFileType = sourcecode.c.h; path = TGMediaImageLoader.h; sourceTree = "<group>"; };
		111111111111111111111228 /* TGMediaImageLoader.m */ = {isa = PBXFileReference; lastKnownFileType = sourcecode.c.objc; path = TGMediaImageLoader.m; sourceTree = "<group>"; };
		111111111111111111111229 /* ThirdPartyNotices.txt */ = {isa = PBXFileReference; lastKnownFileType = text; path = ThirdPartyNotices.txt; sourceTree = "<group>"; };
		111111111111111111111233 /* TGInlineMediaPlaybackCoordinator.h */ = {isa = PBXFileReference; lastKnownFileType = sourcecode.c.h; path = TGInlineMediaPlaybackCoordinator.h; sourceTree = "<group>"; };
		111111111111111111111234 /* TGInlineMediaPlaybackCoordinator.m */ = {isa = PBXFileReference; lastKnownFileType = sourcecode.c.objc; path = TGInlineMediaPlaybackCoordinator.m; sourceTree = "<group>"; };
		111111111111111111111235 /* TGTheme.h */ = {isa = PBXFileReference; lastKnownFileType = sourcecode.c.h; path = TGTheme.h; sourceTree = "<group>"; };
		111111111111111111111236 /* TGTheme.m */ = {isa = PBXFileReference; lastKnownFileType = sourcecode.c.objc; path = TGTheme.m; sourceTree = "<group>"; };
		111111111111111111111237 /* TGTGSAnimationView.h */ = {isa = PBXFileReference; lastKnownFileType = sourcecode.c.h; path = TGTGSAnimationView.h; sourceTree = "<group>"; };
		111111111111111111111238 /* TGTGSAnimationView.m */ = {isa = PBXFileReference; lastKnownFileType = sourcecode.c.objc; path = TGTGSAnimationView.m; sourceTree = "<group>"; };
		111111111111111111111239 /* TGMediaItemSupport.h */ = {isa = PBXFileReference; lastKnownFileType = sourcecode.c.h; path = TGMediaItemSupport.h; sourceTree = "<group>"; };
		111111111111111111111242 /* TGMediaItemSupport.m */ = {isa = PBXFileReference; lastKnownFileType = sourcecode.c.objc; path = TGMediaItemSupport.m; sourceTree = "<group>"; };
		111111111111111111111243 /* TGTGSFileValidator.h */ = {isa = PBXFileReference; lastKnownFileType = sourcecode.c.h; path = TGTGSFileValidator.h; sourceTree = "<group>"; };
		111111111111111111111244 /* TGTGSFileValidator.m */ = {isa = PBXFileReference; lastKnownFileType = sourcecode.c.objc; path = TGTGSFileValidator.m; sourceTree = "<group>"; };
		111111111111111111111245 /* TGMessageActionDialogs.h */ = {isa = PBXFileReference; lastKnownFileType = sourcecode.c.h; path = TGMessageActionDialogs.h; sourceTree = "<group>"; };
		111111111111111111111246 /* TGMessageActionDialogs.m */ = {isa = PBXFileReference; lastKnownFileType = sourcecode.c.objc; path = TGMessageActionDialogs.m; sourceTree = "<group>"; };
		111111111111111111111247 /* TGMessageLayoutSupport.h */ = {isa = PBXFileReference; lastKnownFileType = sourcecode.c.h; path = TGMessageLayoutSupport.h; sourceTree = "<group>"; };
		111111111111111111111248 /* TGMessageLayoutSupport.m */ = {isa = PBXFileReference; lastKnownFileType = sourcecode.c.objc; path = TGMessageLayoutSupport.m; sourceTree = "<group>"; };
		111111111111111111111249 /* TGStatusViewComponents.h */ = {isa = PBXFileReference; lastKnownFileType = sourcecode.c.h; path = TGStatusViewComponents.h; sourceTree = "<group>"; };
		111111111111111111111250 /* TGStatusViewComponents.m */ = {isa = PBXFileReference; lastKnownFileType = sourcecode.c.objc; path = TGStatusViewComponents.m; sourceTree = "<group>"; };
		111111111111111111111251 /* TGStatusButtonCells.h */ = {isa = PBXFileReference; lastKnownFileType = sourcecode.c.h; path = TGStatusButtonCells.h; sourceTree = "<group>"; };
		111111111111111111111252 /* TGStatusButtonCells.m */ = {isa = PBXFileReference; lastKnownFileType = sourcecode.c.objc; path = TGStatusButtonCells.m; sourceTree = "<group>"; };
		111111111111111111111253 /* TGStatusViewCells.h */ = {isa = PBXFileReference; lastKnownFileType = sourcecode.c.h; path = TGStatusViewCells.h; sourceTree = "<group>"; };
		111111111111111111111254 /* TGStatusViewCells.m */ = {isa = PBXFileReference; lastKnownFileType = sourcecode.c.objc; path = TGStatusViewCells.m; sourceTree = "<group>"; };
		111111111111111111111255 /* TGStatusSupport.h */ = {isa = PBXFileReference; lastKnownFileType = sourcecode.c.h; path = TGStatusSupport.h; sourceTree = "<group>"; };
		111111111111111111111256 /* TGStatusSupport.m */ = {isa = PBXFileReference; lastKnownFileType = sourcecode.c.objc; path = TGStatusSupport.m; sourceTree = "<group>"; };
		111111111111111111111257 /* TGStickerPickerLayout.h */ = {isa = PBXFileReference; lastKnownFileType = sourcecode.c.h; path = TGStickerPickerLayout.h; sourceTree = "<group>"; };
		111111111111111111111258 /* TGStickerPickerLayout.m */ = {isa = PBXFileReference; lastKnownFileType = sourcecode.c.objc; path = TGStickerPickerLayout.m; sourceTree = "<group>"; };
		111111111111111111111259 /* TGTypingIndicatorPresentation.h */ = {isa = PBXFileReference; lastKnownFileType = sourcecode.c.h; path = TGTypingIndicatorPresentation.h; sourceTree = "<group>"; };
		111111111111111111111260 /* TGTypingIndicatorPresentation.m */ = {isa = PBXFileReference; lastKnownFileType = sourcecode.c.objc; path = TGTypingIndicatorPresentation.m; sourceTree = "<group>"; };
		111111111111111111111261 /* TGStatusWindowStyling.h */ = {isa = PBXFileReference; lastKnownFileType = sourcecode.c.h; path = TGStatusWindowStyling.h; sourceTree = "<group>"; };
		111111111111111111111262 /* TGStatusWindowStyling.m */ = {isa = PBXFileReference; lastKnownFileType = sourcecode.c.objc; path = TGStatusWindowStyling.m; sourceTree = "<group>"; };
		111111111111111111111263 /* TGProfilePresentation.h */ = {isa = PBXFileReference; lastKnownFileType = sourcecode.c.h; path = TGProfilePresentation.h; sourceTree = "<group>"; };
		111111111111111111111264 /* TGProfilePresentation.m */ = {isa = PBXFileReference; lastKnownFileType = sourcecode.c.objc; path = TGProfilePresentation.m; sourceTree = "<group>"; };
		111111111111111111111265 /* TGUpdateSupport.h */ = {isa = PBXFileReference; lastKnownFileType = sourcecode.c.h; path = TGUpdateSupport.h; sourceTree = "<group>"; };
		111111111111111111111266 /* TGUpdateSupport.m */ = {isa = PBXFileReference; lastKnownFileType = sourcecode.c.objc; path = TGUpdateSupport.m; sourceTree = "<group>"; };
		111111111111111111111267 /* TGWebMAnimationView.h */ = {isa = PBXFileReference; lastKnownFileType = sourcecode.c.h; path = TGWebMAnimationView.h; sourceTree = "<group>"; };
		111111111111111111111268 /* TGWebMAnimationView.mm */ = {isa = PBXFileReference; lastKnownFileType = sourcecode.cpp.objcpp; path = TGWebMAnimationView.mm; sourceTree = "<group>"; };
		111111111111111111111269 /* TGStorageUsageWindowController.h */ = {isa = PBXFileReference; lastKnownFileType = sourcecode.c.h; path = TGStorageUsageWindowController.h; sourceTree = "<group>"; };
		111111111111111111111270 /* TGStorageUsageWindowController.m */ = {isa = PBXFileReference; lastKnownFileType = sourcecode.c.objc; path = TGStorageUsageWindowController.m; sourceTree = "<group>"; };
		111111111111111111111271 /* TGIconDrawing.h */ = {isa = PBXFileReference; lastKnownFileType = sourcecode.c.h; path = TGIconDrawing.h; sourceTree = "<group>"; };
		111111111111111111111272 /* TGIconDrawing.m */ = {isa = PBXFileReference; lastKnownFileType = sourcecode.c.objc; path = TGIconDrawing.m; sourceTree = "<group>"; };
		111111111111111111111273 /* TGAnimationSupport.h */ = {isa = PBXFileReference; lastKnownFileType = sourcecode.c.h; path = TGAnimationSupport.h; sourceTree = "<group>"; };
		111111111111111111111274 /* TGAnimationSupport.m */ = {isa = PBXFileReference; lastKnownFileType = sourcecode.c.objc; path = TGAnimationSupport.m; sourceTree = "<group>"; };
		111111111111111111111275 /* TGIconAssets.h */ = {isa = PBXFileReference; lastKnownFileType = sourcecode.c.h; path = TGIconAssets.h; sourceTree = "<group>"; };
		111111111111111111111276 /* TGIconAssets.m */ = {isa = PBXFileReference; lastKnownFileType = sourcecode.c.objc; path = TGIconAssets.m; sourceTree = "<group>"; };
		111111111111111111111277 /* Icons */ = {isa = PBXFileReference; lastKnownFileType = folder; path = Icons; sourceTree = "<group>"; };
		111111111111111111111278 /* TGSectionTitleField.h */ = {isa = PBXFileReference; lastKnownFileType = sourcecode.c.h; path = TGSectionTitleField.h; sourceTree = "<group>"; };
		111111111111111111111279 /* TGSectionTitleField.m */ = {isa = PBXFileReference; lastKnownFileType = sourcecode.c.objc; path = TGSectionTitleField.m; sourceTree = "<group>"; };
		111111111111111111111280 /* TGResourcePolicy.h */ = {isa = PBXFileReference; lastKnownFileType = sourcecode.c.h; path = TGResourcePolicy.h; sourceTree = "<group>"; };
		111111111111111111111281 /* TGResourcePolicy.m */ = {isa = PBXFileReference; lastKnownFileType = sourcecode.c.objc; path = TGResourcePolicy.m; sourceTree = "<group>"; };
		111111111111111111111282 /* TGAttachmentDescriptor.h */ = {isa = PBXFileReference; lastKnownFileType = sourcecode.c.h; path = TGAttachmentDescriptor.h; sourceTree = "<group>"; };
		111111111111111111111283 /* TGAttachmentDescriptor.m */ = {isa = PBXFileReference; lastKnownFileType = sourcecode.c.objc; path = TGAttachmentDescriptor.m; sourceTree = "<group>"; };
		111111111111111111111284 /* TGFileTransferState.h */ = {isa = PBXFileReference; lastKnownFileType = sourcecode.c.h; path = TGFileTransferState.h; sourceTree = "<group>"; };
		111111111111111111111285 /* TGFileTransferState.m */ = {isa = PBXFileReference; lastKnownFileType = sourcecode.c.objc; path = TGFileTransferState.m; sourceTree = "<group>"; };
		111111111111111111111286 /* TGSearchResultItem.h */ = {isa = PBXFileReference; lastKnownFileType = sourcecode.c.h; path = TGSearchResultItem.h; sourceTree = "<group>"; };
		111111111111111111111287 /* TGSearchResultItem.m */ = {isa = PBXFileReference; lastKnownFileType = sourcecode.c.objc; path = TGSearchResultItem.m; sourceTree = "<group>"; };
		111111111111111111111288 /* TGOpusVoiceTranscoder.h */ = {isa = PBXFileReference; lastKnownFileType = sourcecode.c.h; path = TGOpusVoiceTranscoder.h; sourceTree = "<group>"; };
		111111111111111111111289 /* TGOpusVoiceTranscoder.m */ = {isa = PBXFileReference; lastKnownFileType = sourcecode.c.objc; path = TGOpusVoiceTranscoder.m; sourceTree = "<group>"; };
		111111111111111111111290 /* TGTDLibBundledCredentials.h */ = {isa = PBXFileReference; lastKnownFileType = sourcecode.c.h; path = TGTDLibBundledCredentials.h; sourceTree = "<group>"; };
		111111111111111111111291 /* TGTDLibBundledCredentialsGenerated.m */ = {isa = PBXFileReference; lastKnownFileType = sourcecode.c.objc; name = TGTDLibBundledCredentialsGenerated.m; path = build-legacy/Generated/TGTDLibBundledCredentialsGenerated.m; sourceTree = SOURCE_ROOT; };
		111111111111111111111292 /* TGMessageViewersWindowController.h */ = {isa = PBXFileReference; lastKnownFileType = sourcecode.c.h; path = TGMessageViewersWindowController.h; sourceTree = "<group>"; };
		111111111111111111111293 /* TGMessageViewersWindowController.m */ = {isa = PBXFileReference; lastKnownFileType = sourcecode.c.objc; path = TGMessageViewersWindowController.m; sourceTree = "<group>"; };
		111111111111111111111294 /* TGOutgoingMessageTextChunker.h */ = {isa = PBXFileReference; lastKnownFileType = sourcecode.c.h; path = TGOutgoingMessageTextChunker.h; sourceTree = "<group>"; };
		111111111111111111111295 /* TGOutgoingMessageTextChunker.m */ = {isa = PBXFileReference; lastKnownFileType = sourcecode.c.objc; path = TGOutgoingMessageTextChunker.m; sourceTree = "<group>"; };
		111111111111111111111296 /* TGTransparentSpinnerView.h */ = {isa = PBXFileReference; lastKnownFileType = sourcecode.c.h; path = TGTransparentSpinnerView.h; sourceTree = "<group>"; };
		111111111111111111111297 /* TGTransparentSpinnerView.m */ = {isa = PBXFileReference; lastKnownFileType = sourcecode.c.objc; path = TGTransparentSpinnerView.m; sourceTree = "<group>"; };
		111111111111111111111230 /* Cocoa.framework */ = {isa = PBXFileReference; lastKnownFileType = wrapper.framework; name = Cocoa.framework; path = System/Library/Frameworks/Cocoa.framework; sourceTree = SDKROOT; };
		111111111111111111111231 /* Security.framework */ = {isa = PBXFileReference; lastKnownFileType = wrapper.framework; name = Security.framework; path = System/Library/Frameworks/Security.framework; sourceTree = SDKROOT; };
		111111111111111111111232 /* AVFoundation.framework */ = {isa = PBXFileReference; lastKnownFileType = wrapper.framework; name = AVFoundation.framework; path = System/Library/Frameworks/AVFoundation.framework; sourceTree = SDKROOT; };
		111111111111111111111240 /* Telegraphica.app */ = {isa = PBXFileReference; explicitFileType = wrapper.application; includeInIndex = 0; path = Telegraphica.app; sourceTree = BUILT_PRODUCTS_DIR; };
/* End PBXFileReference section */

/* Begin PBXFrameworksBuildPhase section */
		111111111111111111111300 /* Frameworks */ = {
			isa = PBXFrameworksBuildPhase;
			buildActionMask = 2147483647;
			files = (
				111111111111111111111108 /* Cocoa.framework in Frameworks */,
				111111111111111111111109 /* Security.framework in Frameworks */,
				111111111111111111111113 /* AVFoundation.framework in Frameworks */,
			);
			runOnlyForDeploymentPostprocessing = 0;
		};
/* End PBXFrameworksBuildPhase section */

/* Begin PBXGroup section */
		111111111111111111111400 = {
			isa = PBXGroup;
			children = (
				111111111111111111111401 /* Sources */,
				111111111111111111111402 /* Frameworks */,
				111111111111111111111403 /* Products */,
			);
			sourceTree = "<group>";
		};
		111111111111111111111401 /* Sources */ = {
			isa = PBXGroup;
			children = (
				111111111111111111111200 /* Info.plist */,
				111111111111111111111201 /* main.m */,
				111111111111111111111202 /* AppDelegate.h */,
				111111111111111111111203 /* AppDelegate.m */,
				111111111111111111111404 /* Core */,
				111111111111111111111405 /* Services */,
				111111111111111111111406 /* UI */,
				111111111111111111111408 /* Media */,
				111111111111111111111407 /* Resources */,
			);
			path = Sources;
			sourceTree = "<group>";
		};
		111111111111111111111402 /* Frameworks */ = {
			isa = PBXGroup;
			children = (
				111111111111111111111230 /* Cocoa.framework */,
				111111111111111111111231 /* Security.framework */,
				111111111111111111111232 /* AVFoundation.framework */,
			);
			name = Frameworks;
			sourceTree = "<group>";
		};
		111111111111111111111403 /* Products */ = {
			isa = PBXGroup;
			children = (
				111111111111111111111240 /* Telegraphica.app */,
			);
			name = Products;
			sourceTree = "<group>";
		};
		111111111111111111111404 /* Core */ = {
			isa = PBXGroup;
			children = (
				111111111111111111111204 /* TGTDLibClient.h */,
				111111111111111111111205 /* TGTDLibClient.m */,
				111111111111111111111290 /* TGTDLibBundledCredentials.h */,
				111111111111111111111291 /* TGTDLibBundledCredentialsGenerated.m */,
				111111111111111111111212 /* TGChatItem.h */,
				111111111111111111111213 /* TGChatItem.m */,
				111111111111111111111214 /* TGMessageItem.h */,
				111111111111111111111215 /* TGMessageItem.m */,
				111111111111111111111294 /* TGOutgoingMessageTextChunker.h */,
				111111111111111111111295 /* TGOutgoingMessageTextChunker.m */,
				111111111111111111111286 /* TGSearchResultItem.h */,
				111111111111111111111287 /* TGSearchResultItem.m */,
			);
			path = Core;
			sourceTree = "<group>";
		};
		111111111111111111111405 /* Services */ = {
			isa = PBXGroup;
			children = (
				111111111111111111111206 /* TGKeychainHelper.h */,
				111111111111111111111207 /* TGKeychainHelper.m */,
				111111111111111111111208 /* TGLogger.h */,
				111111111111111111111209 /* TGLogger.m */,
				111111111111111111111280 /* TGResourcePolicy.h */,
				111111111111111111111281 /* TGResourcePolicy.m */,
			);
			path = Services;
			sourceTree = "<group>";
		};
		111111111111111111111406 /* UI */ = {
			isa = PBXGroup;
			children = (
				111111111111111111111235 /* TGTheme.h */,
				111111111111111111111236 /* TGTheme.m */,
				111111111111111111111273 /* TGAnimationSupport.h */,
				111111111111111111111274 /* TGAnimationSupport.m */,
				111111111111111111111275 /* TGIconAssets.h */,
				111111111111111111111276 /* TGIconAssets.m */,
				111111111111111111111278 /* TGSectionTitleField.h */,
				111111111111111111111279 /* TGSectionTitleField.m */,
				111111111111111111111296 /* TGTransparentSpinnerView.h */,
				111111111111111111111297 /* TGTransparentSpinnerView.m */,
				111111111111111111111271 /* TGIconDrawing.h */,
				111111111111111111111272 /* TGIconDrawing.m */,
				111111111111111111111216 /* TGActiveSessionsPresentation.h */,
				111111111111111111111217 /* TGActiveSessionsPresentation.m */,
				111111111111111111111245 /* TGMessageActionDialogs.h */,
				111111111111111111111246 /* TGMessageActionDialogs.m */,
				111111111111111111111292 /* TGMessageViewersWindowController.h */,
				111111111111111111111293 /* TGMessageViewersWindowController.m */,
				111111111111111111111247 /* TGMessageLayoutSupport.h */,
				111111111111111111111248 /* TGMessageLayoutSupport.m */,
				111111111111111111111249 /* TGStatusViewComponents.h */,
				111111111111111111111250 /* TGStatusViewComponents.m */,
				111111111111111111111251 /* TGStatusButtonCells.h */,
				111111111111111111111252 /* TGStatusButtonCells.m */,
				111111111111111111111257 /* TGStickerPickerLayout.h */,
				111111111111111111111258 /* TGStickerPickerLayout.m */,
				111111111111111111111259 /* TGTypingIndicatorPresentation.h */,
				111111111111111111111260 /* TGTypingIndicatorPresentation.m */,
				111111111111111111111261 /* TGStatusWindowStyling.h */,
				111111111111111111111262 /* TGStatusWindowStyling.m */,
				111111111111111111111263 /* TGProfilePresentation.h */,
				111111111111111111111264 /* TGProfilePresentation.m */,
				111111111111111111111265 /* TGUpdateSupport.h */,
				111111111111111111111266 /* TGUpdateSupport.m */,
				111111111111111111111269 /* TGStorageUsageWindowController.h */,
				111111111111111111111270 /* TGStorageUsageWindowController.m */,
				111111111111111111111253 /* TGStatusViewCells.h */,
				111111111111111111111254 /* TGStatusViewCells.m */,
				111111111111111111111255 /* TGStatusSupport.h */,
				111111111111111111111256 /* TGStatusSupport.m */,
				111111111111111111111218 /* TGLocalization.h */,
				111111111111111111111219 /* TGLocalization.m */,
				111111111111111111111210 /* TGStatusWindowController.h */,
				111111111111111111111211 /* TGStatusWindowController.m */,
			);
			path = UI;
			sourceTree = "<group>";
		};
		111111111111111111111408 /* Media */ = {
			isa = PBXGroup;
			children = (
				111111111111111111111239 /* TGMediaItemSupport.h */,
				111111111111111111111242 /* TGMediaItemSupport.m */,
				111111111111111111111243 /* TGTGSFileValidator.h */,
				111111111111111111111244 /* TGTGSFileValidator.m */,
				111111111111111111111237 /* TGTGSAnimationView.h */,
				111111111111111111111238 /* TGTGSAnimationView.m */,
				111111111111111111111267 /* TGWebMAnimationView.h */,
				111111111111111111111268 /* TGWebMAnimationView.mm */,
				111111111111111111111233 /* TGInlineMediaPlaybackCoordinator.h */,
				111111111111111111111234 /* TGInlineMediaPlaybackCoordinator.m */,
				111111111111111111111282 /* TGAttachmentDescriptor.h */,
				111111111111111111111283 /* TGAttachmentDescriptor.m */,
				111111111111111111111284 /* TGFileTransferState.h */,
				111111111111111111111285 /* TGFileTransferState.m */,
				111111111111111111111288 /* TGOpusVoiceTranscoder.h */,
				111111111111111111111289 /* TGOpusVoiceTranscoder.m */,
				111111111111111111111225 /* TGWebPDecoder.h */,
				111111111111111111111226 /* TGWebPDecoder.m */,
				111111111111111111111227 /* TGMediaImageLoader.h */,
				111111111111111111111228 /* TGMediaImageLoader.m */,
			);
			path = Media;
			sourceTree = "<group>";
		};
		111111111111111111111407 /* Resources */ = {
			isa = PBXGroup;
			children = (
				111111111111111111111220 /* Localizable.strings */,
				111111111111111111111223 /* TelegraphicaAppIcon.icns */,
				111111111111111111111224 /* TelegraphicaNotificationIcon.png */,
				111111111111111111111277 /* Icons */,
				111111111111111111111229 /* ThirdPartyNotices.txt */,
			);
			path = Resources;
			sourceTree = "<group>";
		};
/* End PBXGroup section */

/* Begin PBXNativeTarget section */
		111111111111111111111500 /* Telegraphica */ = {
			isa = PBXNativeTarget;
			buildConfigurationList = 111111111111111111111701 /* Build configuration list for PBXNativeTarget "Telegraphica" */;
			buildPhases = (
				111111111111111111111301 /* Sources */,
				111111111111111111111302 /* Resources */,
				111111111111111111111300 /* Frameworks */,
			);
			buildRules = (
			);
			dependencies = (
			);
			name = Telegraphica;
			productName = Telegraphica;
			productReference = 111111111111111111111240 /* Telegraphica.app */;
			productType = "com.apple.product-type.application";
		};
/* End PBXNativeTarget section */

/* Begin PBXProject section */
		111111111111111111111600 /* Project object */ = {
			isa = PBXProject;
			attributes = {
				LastUpgradeCheck = 0620;
				ORGANIZATIONNAME = "Telegraphica";
			};
			buildConfigurationList = 111111111111111111111700 /* Build configuration list for PBXProject "Telegraphica" */;
			compatibilityVersion = "Xcode 3.2";
			developmentRegion = English;
			hasScannedForEncodings = 0;
			knownRegions = (
				en,
				ru,
			);
			mainGroup = 111111111111111111111400;
			productRefGroup = 111111111111111111111403 /* Products */;
			projectDirPath = "";
			projectRoot = "";
			targets = (
				111111111111111111111500 /* Telegraphica */,
			);
		};
/* End PBXProject section */

/* Begin PBXResourcesBuildPhase section */
		111111111111111111111302 /* Resources */ = {
			isa = PBXResourcesBuildPhase;
			buildActionMask = 2147483647;
			files = (
				111111111111111111111107 /* Localizable.strings in Resources */,
				111111111111111111111110 /* TelegraphicaAppIcon.icns in Resources */,
				111111111111111111111114 /* TelegraphicaNotificationIcon.png in Resources */,
				111111111111111111111141 /* Icons in Resources */,
				111111111111111111111119 /* ThirdPartyNotices.txt in Resources */,
			);
			runOnlyForDeploymentPostprocessing = 0;
		};
/* End PBXResourcesBuildPhase section */

/* Begin PBXSourcesBuildPhase section */
		111111111111111111111301 /* Sources */ = {
			isa = PBXSourcesBuildPhase;
			buildActionMask = 2147483647;
			files = (
				111111111111111111111101 /* main.m in Sources */,
				111111111111111111111102 /* AppDelegate.m in Sources */,
				111111111111111111111103 /* TGTDLibClient.m in Sources */,
				111111111111111111111104 /* TGKeychainHelper.m in Sources */,
				111111111111111111111105 /* TGLogger.m in Sources */,
				111111111111111111111106 /* TGStatusWindowController.m in Sources */,
				111111111111111111111111 /* TGChatItem.m in Sources */,
				111111111111111111111112 /* TGMessageItem.m in Sources */,
				111111111111111111111115 /* TGActiveSessionsPresentation.m in Sources */,
				111111111111111111111116 /* TGLocalization.m in Sources */,
				111111111111111111111117 /* TGWebPDecoder.m in Sources */,
				111111111111111111111118 /* TGMediaImageLoader.m in Sources */,
				111111111111111111111120 /* TGInlineMediaPlaybackCoordinator.m in Sources */,
				111111111111111111111121 /* TGTheme.m in Sources */,
				111111111111111111111122 /* TGTGSAnimationView.m in Sources */,
				111111111111111111111123 /* TGMediaItemSupport.m in Sources */,
				111111111111111111111124 /* TGTGSFileValidator.m in Sources */,
				111111111111111111111125 /* TGMessageActionDialogs.m in Sources */,
				111111111111111111111126 /* TGMessageLayoutSupport.m in Sources */,
				111111111111111111111127 /* TGStatusViewComponents.m in Sources */,
				111111111111111111111128 /* TGStatusButtonCells.m in Sources */,
				111111111111111111111129 /* TGStatusViewCells.m in Sources */,
				111111111111111111111130 /* TGStatusSupport.m in Sources */,
				111111111111111111111131 /* TGStickerPickerLayout.m in Sources */,
				111111111111111111111132 /* TGTypingIndicatorPresentation.m in Sources */,
				111111111111111111111133 /* TGStatusWindowStyling.m in Sources */,
				111111111111111111111134 /* TGProfilePresentation.m in Sources */,
				111111111111111111111135 /* TGUpdateSupport.m in Sources */,
				111111111111111111111136 /* TGWebMAnimationView.mm in Sources */,
				111111111111111111111137 /* TGStorageUsageWindowController.m in Sources */,
				111111111111111111111138 /* TGIconDrawing.m in Sources */,
				111111111111111111111139 /* TGAnimationSupport.m in Sources */,
				111111111111111111111140 /* TGIconAssets.m in Sources */,
				111111111111111111111142 /* TGSectionTitleField.m in Sources */,
				111111111111111111111143 /* TGResourcePolicy.m in Sources */,
				111111111111111111111144 /* TGAttachmentDescriptor.m in Sources */,
				111111111111111111111145 /* TGFileTransferState.m in Sources */,
				111111111111111111111146 /* TGSearchResultItem.m in Sources */,
				111111111111111111111147 /* TGOpusVoiceTranscoder.m in Sources */,
				111111111111111111111148 /* TGTDLibBundledCredentialsGenerated.m in Sources */,
				111111111111111111111149 /* TGMessageViewersWindowController.m in Sources */,
				111111111111111111111150 /* TGOutgoingMessageTextChunker.m in Sources */,
				111111111111111111111151 /* TGTransparentSpinnerView.m in Sources */,
			);
			runOnlyForDeploymentPostprocessing = 0;
		};
/* End PBXSourcesBuildPhase section */

/* Begin PBXVariantGroup section */
		111111111111111111111220 /* Localizable.strings */ = {
			isa = PBXVariantGroup;
			children = (
				111111111111111111111221 /* en */,
				111111111111111111111222 /* ru */,
			);
			name = Localizable.strings;
			sourceTree = "<group>";
		};
/* End PBXVariantGroup section */

/* Begin XCBuildConfiguration section */
		111111111111111111111801 /* Debug */ = {
			isa = XCBuildConfiguration;
			buildSettings = {
				ALWAYS_SEARCH_USER_PATHS = NO;
				ARCHS = x86_64;
				CLANG_CXX_LANGUAGE_STANDARD = "gnu++0x";
				CLANG_CXX_LIBRARY = "libc++";
				CLANG_ENABLE_MODULES = YES;
				CLANG_ENABLE_OBJC_ARC = NO;
				CLANG_LINK_OBJC_RUNTIME = NO;
				CLANG_WARN_BOOL_CONVERSION = YES;
				CLANG_WARN_CONSTANT_CONVERSION = YES;
				CLANG_WARN_DIRECT_OBJC_ISA_USAGE = YES_ERROR;
				CLANG_WARN_EMPTY_BODY = YES;
				CLANG_WARN_ENUM_CONVERSION = YES;
				CLANG_WARN_INT_CONVERSION = YES;
				CLANG_WARN_OBJC_ROOT_CLASS = YES_ERROR;
				CLANG_WARN_UNREACHABLE_CODE = YES;
				CLANG_WARN__DUPLICATE_METHOD_MATCH = YES;
				COPY_PHASE_STRIP = NO;
				ENABLE_STRICT_OBJC_MSGSEND = YES;
				GCC_C_LANGUAGE_STANDARD = gnu99;
				GCC_DYNAMIC_NO_PIC = NO;
				GCC_GENERATE_TEST_COVERAGE_FILES = NO;
				GCC_INSTRUMENT_PROGRAM_FLOW_ARCS = NO;
				GCC_OPTIMIZATION_LEVEL = 0;
				GCC_PREPROCESSOR_DEFINITIONS = (
					"DEBUG=1",
					"$(inherited)",
				);
				GCC_SYMBOLS_PRIVATE_EXTERN = NO;
				GCC_WARN_64_BIT_CONVERT_TO_32_BIT_AS_SAFE = YES;
				GCC_WARN_ABOUT_RETURN_TYPE = YES_ERROR;
				GCC_WARN_UNDECLARED_SELECTOR = YES;
				GCC_WARN_UNINITIALIZED_AUTOS = YES_AGGRESSIVE;
				GCC_WARN_UNUSED_FUNCTION = YES;
				GCC_WARN_UNUSED_VARIABLE = YES;
				MACOSX_DEPLOYMENT_TARGET = 10.8;
				ONLY_ACTIVE_ARCH = NO;
				SDKROOT = macosx;
				VALID_ARCHS = x86_64;
			};
			name = Debug;
		};
		111111111111111111111802 /* Release */ = {
			isa = XCBuildConfiguration;
			buildSettings = {
				ALWAYS_SEARCH_USER_PATHS = NO;
				ARCHS = x86_64;
				CLANG_CXX_LANGUAGE_STANDARD = "gnu++0x";
				CLANG_CXX_LIBRARY = "libc++";
				CLANG_ENABLE_CODE_COVERAGE = NO;
				CLANG_ENABLE_MODULES = YES;
				CLANG_ENABLE_OBJC_ARC = NO;
				CLANG_LINK_OBJC_RUNTIME = NO;
				CLANG_WARN_BOOL_CONVERSION = YES;
				CLANG_WARN_CONSTANT_CONVERSION = YES;
				CLANG_WARN_DIRECT_OBJC_ISA_USAGE = YES_ERROR;
				CLANG_WARN_EMPTY_BODY = YES;
				CLANG_WARN_ENUM_CONVERSION = YES;
				CLANG_WARN_INT_CONVERSION = YES;
				CLANG_WARN_OBJC_ROOT_CLASS = YES_ERROR;
				CLANG_WARN_UNREACHABLE_CODE = YES;
				CLANG_WARN__DUPLICATE_METHOD_MATCH = YES;
				COPY_PHASE_STRIP = NO;
				ENABLE_STRICT_OBJC_MSGSEND = YES;
				GCC_C_LANGUAGE_STANDARD = gnu99;
				GCC_GENERATE_TEST_COVERAGE_FILES = NO;
				GCC_INSTRUMENT_PROGRAM_FLOW_ARCS = NO;
				GCC_WARN_64_BIT_CONVERT_TO_32_BIT_AS_SAFE = YES;
				GCC_WARN_ABOUT_RETURN_TYPE = YES_ERROR;
				GCC_WARN_UNDECLARED_SELECTOR = YES;
				GCC_WARN_UNINITIALIZED_AUTOS = YES_AGGRESSIVE;
				GCC_WARN_UNUSED_FUNCTION = YES;
				GCC_WARN_UNUSED_VARIABLE = YES;
				MACOSX_DEPLOYMENT_TARGET = 10.8;
				ONLY_ACTIVE_ARCH = NO;
				SDKROOT = macosx;
				VALID_ARCHS = x86_64;
			};
			name = Release;
		};
		111111111111111111111803 /* Debug */ = {
			isa = XCBuildConfiguration;
			buildSettings = {
				COMBINE_HIDPI_IMAGES = YES;
				INFOPLIST_FILE = Sources/Info.plist;
				LD_RUNPATH_SEARCH_PATHS = "$(inherited) @executable_path/../Frameworks";
				PRODUCT_BUNDLE_IDENTIFIER = com.michirose.Telegraphica;
				PRODUCT_NAME = "$(TARGET_NAME)";
				WRAPPER_EXTENSION = app;
			};
			name = Debug;
		};
		111111111111111111111804 /* Release */ = {
			isa = XCBuildConfiguration;
			buildSettings = {
				COMBINE_HIDPI_IMAGES = YES;
				INFOPLIST_FILE = Sources/Info.plist;
				LD_RUNPATH_SEARCH_PATHS = "$(inherited) @executable_path/../Frameworks";
				PRODUCT_BUNDLE_IDENTIFIER = com.michirose.Telegraphica;
				PRODUCT_NAME = "$(TARGET_NAME)";
				WRAPPER_EXTENSION = app;
			};
			name = Release;
		};
/* End XCBuildConfiguration section */

/* Begin XCConfigurationList section */
		111111111111111111111700 /* Build configuration list for PBXProject "Telegraphica" */ = {
			isa = XCConfigurationList;
			buildConfigurations = (
				111111111111111111111801 /* Debug */,
				111111111111111111111802 /* Release */,
			);
			defaultConfigurationIsVisible = 0;
			defaultConfigurationName = Release;
		};
		111111111111111111111701 /* Build configuration list for PBXNativeTarget "Telegraphica" */ = {
			isa = XCConfigurationList;
			buildConfigurations = (
				111111111111111111111803 /* Debug */,
				111111111111111111111804 /* Release */,
			);
			defaultConfigurationIsVisible = 0;
			defaultConfigurationName = Release;
		};
/* End XCConfigurationList section */
	};
	rootObject = 111111111111111111111600 /* Project object */;
}
